
Microsoft Visual Studio Solution File, Format Version 12.00
Project("{FAE04EC0-301F-11D3-BF4B-00C04F79EFBC}") = "CryptoWatch.API", "CryptoWatch.API\CryptoWatch.API.csproj", "{57D71442-F250-42E9-AF6B-0BFE5384D474}"
EndProject
Project("{FAE04EC0-301F-11D3-BF4B-00C04F79EFBC}") = "CryptoWatch.API.Tests.Integration", "CryptoWatch.API.Tests.Integration\CryptoWatch.API.Tests.Integration.csproj", "{B701B926-6B99-4029-811E-0137B5C93199}"
EndProject
Global
	GlobalSection(SolutionConfigurationPlatforms) = preSolution
		Debug|Any CPU = Debug|Any CPU
		Release|Any CPU = Release|Any CPU
	EndGlobalSection
	GlobalSection(ProjectConfigurationPlatforms) = postSolution
		{57D71442-F250-42E9-AF6B-0BFE5384D474}.Release|Any CPU.ActiveCfg = Release|Any CPU
		{57D71442-F250-42E9-AF6B-0BFE5384D474}.Release|Any CPU.Build.0 = Release|Any CPU
		{57D71442-F250-42E9-AF6B-0BFE5384D474}.Debug|Any CPU.ActiveCfg = Debug|Any CPU
		{57D71442-F250-42E9-AF6B-0BFE5384D474}.Debug|Any CPU.Build.0 = Debug|Any CPU
		{B701B926-6B99-4029-811E-0137B5C93199}.Release|Any CPU.ActiveCfg = Release|Any CPU
		{B701B926-6B99-4029-811E-0137B5C93199}.Debug|Any CPU.ActiveCfg = Debug|Any CPU
	EndGlobalSection
EndGlobal
